// !$*UTF8*$!
{
	archiveVersion = 1;
	classes = {
	};
	objectVersion = 46;
	objects = {

/* Begin PBXBuildFile section */
		89FFA16D03BD40A870E8C624 /* Pods_TrolleyCore.framework in Frameworks */ = {isa = PBXBuildFile; fileRef = B6757E40FDB2D0C9BEDBD86D /* Pods_TrolleyCore.framework */; };
		A07D6AF544B756FFC3E93866 /* Pods_TrolleyCoreTests.framework in Frameworks */ = {isa = PBXBuildFile; fileRef = CB2D377743E1A9070CE3F48D /* Pods_TrolleyCoreTests.framework */; };
		C84166431F4DFB5F0097EB3E /* PromiseKit.framework in Frameworks */ = {isa = PBXBuildFile; fileRef = C84166421F4DFB5F0097EB3E /* PromiseKit.framework */; };
		C8460FEA1F4C665800CFF7E8 /* TrolleyCore.framework in Frameworks */ = {isa = PBXBuildFile; fileRef = C8460FE01F4C665800CFF7E8 /* TrolleyCore.framework */; };
		C8460FF11F4C665800CFF7E8 /* TrolleyCore.h in Headers */ = {isa = PBXBuildFile; fileRef = C8460FE31F4C665800CFF7E8 /* TrolleyCore.h */; settings = {ATTRIBUTES = (Public, ); }; };
		C84AEE611F754FF5009E6019 /* TRLNetworkManager_Options.h in Headers */ = {isa = PBXBuildFile; fileRef = C84AEDF41F754FF2009E6019 /* TRLNetworkManager_Options.h */; settings = {ATTRIBUTES = (Private, ); }; };
		C84AEE621F754FF5009E6019 /* Trolley.m in Sources */ = {isa = PBXBuildFile; fileRef = C84AEDF51F754FF2009E6019 /* Trolley.m */; };
		C84AEE631F754FF5009E6019 /* Log.m in Sources */ = {isa = PBXBuildFile; fileRef = C84AEDF61F754FF2009E6019 /* Log.m */; };
		C84AEE641F754FF5009E6019 /* TRLURLDataTaskDelegate.h in Headers */ = {isa = PBXBuildFile; fileRef = C84AEDF91F754FF2009E6019 /* TRLURLDataTaskDelegate.h */; settings = {ATTRIBUTES = (Public, ); }; };
		C84AEE651F754FF5009E6019 /* TRLURLDataTaskDelegate.m in Sources */ = {isa = PBXBuildFile; fileRef = C84AEDFA1F754FF2009E6019 /* TRLURLDataTaskDelegate.m */; };
		C84AEE661F754FF5009E6019 /* TRLURLSessionDelegate.swift in Sources */ = {isa = PBXBuildFile; fileRef = C84AEDFB1F754FF2009E6019 /* TRLURLSessionDelegate.swift */; };
		C84AEE671F754FF5009E6019 /* TRLURLTaskDelegate.h in Headers */ = {isa = PBXBuildFile; fileRef = C84AEDFC1F754FF2009E6019 /* TRLURLTaskDelegate.h */; settings = {ATTRIBUTES = (Public, ); }; };
		C84AEE681F754FF5009E6019 /* TRLURLTaskDelegate.m in Sources */ = {isa = PBXBuildFile; fileRef = C84AEDFD1F754FF2009E6019 /* TRLURLTaskDelegate.m */; };
		C84AEE691F754FF5009E6019 /* TRLURLTaskDelegate_Dynamic.h in Headers */ = {isa = PBXBuildFile; fileRef = C84AEDFE1F754FF2009E6019 /* TRLURLTaskDelegate_Dynamic.h */; settings = {ATTRIBUTES = (Private, ); }; };
		C84AEE6A1F754FF5009E6019 /* TRLURLEncoding.h in Headers */ = {isa = PBXBuildFile; fileRef = C84AEE001F754FF2009E6019 /* TRLURLEncoding.h */; settings = {ATTRIBUTES = (Public, ); }; };
		C84AEE6B1F754FF5009E6019 /* TRLURLEncoding.m in Sources */ = {isa = PBXBuildFile; fileRef = C84AEE011F754FF2009E6019 /* TRLURLEncoding.m */; };
		C84AEE6C1F754FF5009E6019 /* TRLURLParameterEncoding.h in Headers */ = {isa = PBXBuildFile; fileRef = C84AEE021F754FF2009E6019 /* TRLURLParameterEncoding.h */; settings = {ATTRIBUTES = (Public, ); }; };
		C84AEE6D1F754FF5009E6019 /* JSON+Bridging.swift in Sources */ = {isa = PBXBuildFile; fileRef = C84AEE041F754FF2009E6019 /* JSON+Bridging.swift */; };
		C84AEE6E1F754FF5009E6019 /* JSON.swift in Sources */ = {isa = PBXBuildFile; fileRef = C84AEE051F754FF2009E6019 /* JSON.swift */; };
		C84AEE6F1F754FF5009E6019 /* JSONCore.swift in Sources */ = {isa = PBXBuildFile; fileRef = C84AEE061F754FF2009E6019 /* JSONCore.swift */; };
		C84AEE701F754FF5009E6019 /* TRLJSON.h in Headers */ = {isa = PBXBuildFile; fileRef = C84AEE071F754FF2009E6019 /* TRLJSON.h */; settings = {ATTRIBUTES = (Public, ); }; };
		C84AEE711F754FF5009E6019 /* TRLJSON.m in Sources */ = {isa = PBXBuildFile; fileRef = C84AEE081F754FF2009E6019 /* TRLJSON.m */; };
		C84AEE721F754FF5009E6019 /* TRLJSONBase.h in Headers */ = {isa = PBXBuildFile; fileRef = C84AEE091F754FF2009E6019 /* TRLJSONBase.h */; settings = {ATTRIBUTES = (Public, ); }; };
		C84AEE731F754FF5009E6019 /* TRLJSONBase.m in Sources */ = {isa = PBXBuildFile; fileRef = C84AEE0A1F754FF2009E6019 /* TRLJSONBase.m */; };
		C84AEE741F754FF5009E6019 /* TRLJSONBase_Dynamic.h in Headers */ = {isa = PBXBuildFile; fileRef = C84AEE0B1F754FF2009E6019 /* TRLJSONBase_Dynamic.h */; settings = {ATTRIBUTES = (Private, ); }; };
		C84AEE751F754FF5009E6019 /* TRLJSONBase_Private.h in Headers */ = {isa = PBXBuildFile; fileRef = C84AEE0C1F754FF2009E6019 /* TRLJSONBase_Private.h */; settings = {ATTRIBUTES = (Private, ); }; };
		C84AEE761F754FF5009E6019 /* TRLMutableArray.h in Headers */ = {isa = PBXBuildFile; fileRef = C84AEE0D1F754FF2009E6019 /* TRLMutableArray.h */; settings = {ATTRIBUTES = (Public, ); }; };
		C84AEE771F754FF5009E6019 /* TRLMutableArray.m in Sources */ = {isa = PBXBuildFile; fileRef = C84AEE0E1F754FF2009E6019 /* TRLMutableArray.m */; };
		C84AEE781F754FF5009E6019 /* TRLMutableDictionary.h in Headers */ = {isa = PBXBuildFile; fileRef = C84AEE0F1F754FF2009E6019 /* TRLMutableDictionary.h */; settings = {ATTRIBUTES = (Public, ); }; };
		C84AEE791F754FF5009E6019 /* TRLMutableDictionary.m in Sources */ = {isa = PBXBuildFile; fileRef = C84AEE101F754FF2009E6019 /* TRLMutableDictionary.m */; };
		C84AEE7A1F754FF5009E6019 /* TRLMutableJSON.h in Headers */ = {isa = PBXBuildFile; fileRef = C84AEE111F754FF2009E6019 /* TRLMutableJSON.h */; settings = {ATTRIBUTES = (Public, ); }; };
		C84AEE7B1F754FF5009E6019 /* TRLMutableJSON.m in Sources */ = {isa = PBXBuildFile; fileRef = C84AEE121F754FF2009E6019 /* TRLMutableJSON.m */; };
		C84AEE7C1F754FF5009E6019 /* Reachability.h in Headers */ = {isa = PBXBuildFile; fileRef = C84AEE141F754FF2009E6019 /* Reachability.h */; settings = {ATTRIBUTES = (Public, ); }; };
		C84AEE7D1F754FF5009E6019 /* Reachability.m in Sources */ = {isa = PBXBuildFile; fileRef = C84AEE151F754FF2009E6019 /* Reachability.m */; };
		C84AEE7E1F754FF5009E6019 /* Reachability.swift in Sources */ = {isa = PBXBuildFile; fileRef = C84AEE161F754FF2009E6019 /* Reachability.swift */; };
		C84AEE7F1F754FF5009E6019 /* TRLURLDataRequest.h in Headers */ = {isa = PBXBuildFile; fileRef = C84AEE181F754FF2009E6019 /* TRLURLDataRequest.h */; settings = {ATTRIBUTES = (Public, ); }; };
		C84AEE801F754FF5009E6019 /* TRLURLDataRequest.m in Sources */ = {isa = PBXBuildFile; fileRef = C84AEE191F754FF2009E6019 /* TRLURLDataRequest.m */; };
		C84AEE811F754FF5009E6019 /* TRLURLDataRequest.swift in Sources */ = {isa = PBXBuildFile; fileRef = C84AEE1A1F754FF2009E6019 /* TRLURLDataRequest.swift */; };
		C84AEE821F754FF5009E6019 /* TRLURLRequest.h in Headers */ = {isa = PBXBuildFile; fileRef = C84AEE1B1F754FF2009E6019 /* TRLURLRequest.h */; settings = {ATTRIBUTES = (Public, ); }; };
		C84AEE831F754FF5009E6019 /* TRLURLRequest.m in Sources */ = {isa = PBXBuildFile; fileRef = C84AEE1C1F754FF2009E6019 /* TRLURLRequest.m */; };
		C84AEE841F754FF5009E6019 /* TRLURLRequestTask.swift in Sources */ = {isa = PBXBuildFile; fileRef = C84AEE1D1F754FF2009E6019 /* TRLURLRequestTask.swift */; };
		C84AEE851F754FF5009E6019 /* TRLURLDataRequest+Response.swift in Sources */ = {isa = PBXBuildFile; fileRef = C84AEE1F1F754FF2009E6019 /* TRLURLDataRequest+Response.swift */; };
		C84AEE861F754FF5009E6019 /* TRLURLResponse.swift in Sources */ = {isa = PBXBuildFile; fileRef = C84AEE201F754FF2009E6019 /* TRLURLResponse.swift */; };
		C84AEE871F754FF5009E6019 /* TNT_Header.h in Headers */ = {isa = PBXBuildFile; fileRef = C84AEE211F754FF2009E6019 /* TNT_Header.h */; };
		C84AEE881F754FF5009E6019 /* TAuthorizationHeader.swift in Sources */ = {isa = PBXBuildFile; fileRef = C84AEE231F754FF2009E6019 /* TAuthorizationHeader.swift */; };
		C84AEE891F754FF5009E6019 /* TBackgroundCompletion.swift in Sources */ = {isa = PBXBuildFile; fileRef = C84AEE241F754FF2009E6019 /* TBackgroundCompletion.swift */; };
		C84AEE8A1F754FF5009E6019 /* TChallenge.swift in Sources */ = {isa = PBXBuildFile; fileRef = C84AEE251F754FF2009E6019 /* TChallenge.swift */; };
		C84AEE8B1F754FF5009E6019 /* TProgressHandler.swift in Sources */ = {isa = PBXBuildFile; fileRef = C84AEE261F754FF2009E6019 /* TProgressHandler.swift */; };
		C84AEE8C1F754FF5009E6019 /* TRLURLQueryParameters.swift in Sources */ = {isa = PBXBuildFile; fileRef = C84AEE271F754FF2009E6019 /* TRLURLQueryParameters.swift */; };
		C84AEE8D1F754FF5009E6019 /* TValidations.swift in Sources */ = {isa = PBXBuildFile; fileRef = C84AEE281F754FF2009E6019 /* TValidations.swift */; };
		C84AEE8E1F754FF5009E6019 /* WrittingOptionsKeysTouple.swift in Sources */ = {isa = PBXBuildFile; fileRef = C84AEE291F754FF2009E6019 /* WrittingOptionsKeysTouple.swift */; };
		C84AEE8F1F754FF5009E6019 /* TRLURLSessionManager.h in Headers */ = {isa = PBXBuildFile; fileRef = C84AEE2A1F754FF2009E6019 /* TRLURLSessionManager.h */; settings = {ATTRIBUTES = (Public, ); }; };
		C84AEE901F754FF5009E6019 /* TRLURLSessionManager.m in Sources */ = {isa = PBXBuildFile; fileRef = C84AEE2B1F754FF2009E6019 /* TRLURLSessionManager.m */; };
		C84AEE911F754FF5009E6019 /* DispatchQueue+UUID.swift in Sources */ = {isa = PBXBuildFile; fileRef = C84AEE2D1F754FF2009E6019 /* DispatchQueue+UUID.swift */; };
		C84AEE931F754FF5009E6019 /* NSArray+Map.h in Headers */ = {isa = PBXBuildFile; fileRef = C84AEE2F1F754FF2009E6019 /* NSArray+Map.h */; settings = {ATTRIBUTES = (Public, ); }; };
		C84AEE941F754FF5009E6019 /* NSArray+Map.m in Sources */ = {isa = PBXBuildFile; fileRef = C84AEE301F754FF2009E6019 /* NSArray+Map.m */; };
		C84AEE951F754FF5009E6019 /* NSDictionary+JSON.swift in Sources */ = {isa = PBXBuildFile; fileRef = C84AEE311F754FF2009E6019 /* NSDictionary+JSON.swift */; };
		C84AEE961F754FF5009E6019 /* NSLocale+HTTPHeader.swift in Sources */ = {isa = PBXBuildFile; fileRef = C84AEE321F754FF2009E6019 /* NSLocale+HTTPHeader.swift */; };
		C84AEE971F754FF5009E6019 /* NSMutableURLRequest+Reqestable.h in Headers */ = {isa = PBXBuildFile; fileRef = C84AEE331F754FF2009E6019 /* NSMutableURLRequest+Reqestable.h */; settings = {ATTRIBUTES = (Public, ); }; };
		C84AEE981F754FF5009E6019 /* NSMutableURLRequest+Reqestable.m in Sources */ = {isa = PBXBuildFile; fileRef = C84AEE341F754FF2009E6019 /* NSMutableURLRequest+Reqestable.m */; };
		C84AEE991F754FF5009E6019 /* NSNumber+Bool.swift in Sources */ = {isa = PBXBuildFile; fileRef = C84AEE351F754FF2009E6019 /* NSNumber+Bool.swift */; };
		C84AEE9A1F754FF5009E6019 /* TNTUtils.h in Headers */ = {isa = PBXBuildFile; fileRef = C84AEE361F754FF2009E6019 /* TNTUtils.h */; settings = {ATTRIBUTES = (Public, ); }; };
		C84AEE9B1F754FF5009E6019 /* TNTUtils.m in Sources */ = {isa = PBXBuildFile; fileRef = C84AEE371F754FF2009E6019 /* TNTUtils.m */; };
		C84AEE9C1F754FF5009E6019 /* TRLBlocks.h in Headers */ = {isa = PBXBuildFile; fileRef = C84AEE381F754FF2009E6019 /* TRLBlocks.h */; settings = {ATTRIBUTES = (Public, ); }; };
		C84AEE9D1F754FF5009E6019 /* UserAgent.swift in Sources */ = {isa = PBXBuildFile; fileRef = C84AEE391F754FF2009E6019 /* UserAgent.swift */; };
		C84AEE9E1F754FF5009E6019 /* TRLError.m in Sources */ = {isa = PBXBuildFile; fileRef = C84AEE3A1F754FF3009E6019 /* TRLError.m */; };
		C84AEE9F1F754FF5009E6019 /* TSRWebSocket.h in Headers */ = {isa = PBXBuildFile; fileRef = C84AEE3D1F754FF3009E6019 /* TSRWebSocket.h */; settings = {ATTRIBUTES = (Private, ); }; };
		C84AEEA01F754FF5009E6019 /* TSRWebSocket.m in Sources */ = {isa = PBXBuildFile; fileRef = C84AEE3E1F754FF3009E6019 /* TSRWebSocket.m */; };
		C84AEEA11F754FF5009E6019 /* TRLDefaultsManager.swift in Sources */ = {isa = PBXBuildFile; fileRef = C84AEE3F1F754FF3009E6019 /* TRLDefaultsManager.swift */; };
		C84AEEA21F754FF5009E6019 /* Error.swift in Sources */ = {isa = PBXBuildFile; fileRef = C84AEE401F754FF3009E6019 /* Error.swift */; };
		C84AEEA31F754FF5009E6019 /* Swift-Fixed-Header.h in Headers */ = {isa = PBXBuildFile; fileRef = C84AEE411F754FF3009E6019 /* Swift-Fixed-Header.h */; };
		C84AEEA41F754FF5009E6019 /* Log.swift in Sources */ = {isa = PBXBuildFile; fileRef = C84AEE421F754FF3009E6019 /* Log.swift */; };
		C84AEEA51F754FF5009E6019 /* TRLNetworkInfo.h in Headers */ = {isa = PBXBuildFile; fileRef = C84AEE451F754FF3009E6019 /* TRLNetworkInfo.h */; settings = {ATTRIBUTES = (Private, ); }; };
		C84AEEA61F754FF5009E6019 /* TRLNetworkInfo.m in Sources */ = {isa = PBXBuildFile; fileRef = C84AEE461F754FF3009E6019 /* TRLNetworkInfo.m */; };
		C84AEEA71F754FF5009E6019 /* TRLParsedURL.h in Headers */ = {isa = PBXBuildFile; fileRef = C84AEE471F754FF3009E6019 /* TRLParsedURL.h */; settings = {ATTRIBUTES = (Private, ); }; };
		C84AEEA81F754FF5009E6019 /* TRLParsedURL.m in Sources */ = {isa = PBXBuildFile; fileRef = C84AEE481F754FF3009E6019 /* TRLParsedURL.m */; };
		C84AEEA91F754FF5009E6019 /* TRLNetwork_Private.h in Headers */ = {isa = PBXBuildFile; fileRef = C84AEE4A1F754FF3009E6019 /* TRLNetwork_Private.h */; settings = {ATTRIBUTES = (Private, ); }; };
		C84AEEAA1F754FF5009E6019 /* TRLNetworkInfo_Private.h in Headers */ = {isa = PBXBuildFile; fileRef = C84AEE4B1F754FF3009E6019 /* TRLNetworkInfo_Private.h */; settings = {ATTRIBUTES = (Private, ); }; };
		C84AEEAB1F754FF5009E6019 /* TRLNetworkManager_Private.h in Headers */ = {isa = PBXBuildFile; fileRef = C84AEE4C1F754FF3009E6019 /* TRLNetworkManager_Private.h */; settings = {ATTRIBUTES = (Private, ); }; };
		C84AEEAC1F754FF5009E6019 /* TRLNetworkConnection.h in Headers */ = {isa = PBXBuildFile; fileRef = C84AEE4E1F754FF3009E6019 /* TRLNetworkConnection.h */; settings = {ATTRIBUTES = (Private, ); }; };
		C84AEEAD1F754FF5009E6019 /* TRLNetworkConnection.m in Sources */ = {isa = PBXBuildFile; fileRef = C84AEE4F1F754FF3009E6019 /* TRLNetworkConnection.m */; };
		C84AEEAE1F754FF5009E6019 /* TRLWebSocketConnection.h in Headers */ = {isa = PBXBuildFile; fileRef = C84AEE501F754FF3009E6019 /* TRLWebSocketConnection.h */; settings = {ATTRIBUTES = (Private, ); }; };
		C84AEEAF1F754FF5009E6019 /* TRLWebSocketConnection.m in Sources */ = {isa = PBXBuildFile; fileRef = C84AEE511F754FF3009E6019 /* TRLWebSocketConnection.m */; };
		C84AEEB01F754FF5009E6019 /* TRLWebSocketUtils.swift in Sources */ = {isa = PBXBuildFile; fileRef = C84AEE521F754FF3009E6019 /* TRLWebSocketUtils.swift */; };
		C84AEEB11F754FF5009E6019 /* TRLNetwork.h in Headers */ = {isa = PBXBuildFile; fileRef = C84AEE531F754FF3009E6019 /* TRLNetwork.h */; settings = {ATTRIBUTES = (Private, ); }; };
		C84AEEB21F754FF5009E6019 /* TRLNetwork.m in Sources */ = {isa = PBXBuildFile; fileRef = C84AEE541F754FF3009E6019 /* TRLNetwork.m */; };
		C84AEEB31F754FF5009E6019 /* TRLNetwork_Header.h in Headers */ = {isa = PBXBuildFile; fileRef = C84AEE551F754FF3009E6019 /* TRLNetwork_Header.h */; };
		C84AEEB41F754FF5009E6019 /* TRLNetworkManager.h in Headers */ = {isa = PBXBuildFile; fileRef = C84AEE561F754FF3009E6019 /* TRLNetworkManager.h */; settings = {ATTRIBUTES = (Public, ); }; };
		C84AEEB51F754FF5009E6019 /* TRLNetworkManager.m in Sources */ = {isa = PBXBuildFile; fileRef = C84AEE571F754FF3009E6019 /* TRLNetworkManager.m */; };
		C84AEEB61F754FF5009E6019 /* TRLRequest.h in Headers */ = {isa = PBXBuildFile; fileRef = C84AEE581F754FF3009E6019 /* TRLRequest.h */; settings = {ATTRIBUTES = (Public, ); }; };
		C84AEEB71F754FF5009E6019 /* TRLRequest.m in Sources */ = {isa = PBXBuildFile; fileRef = C84AEE591F754FF3009E6019 /* TRLRequest.m */; };
		C84AEEB81F754FF5009E6019 /* TRLRetryHelper.swift in Sources */ = {isa = PBXBuildFile; fileRef = C84AEE5A1F754FF3009E6019 /* TRLRetryHelper.swift */; };
		C84AEEB91F754FF5009E6019 /* Trolley.h in Headers */ = {isa = PBXBuildFile; fileRef = C84AEE5B1F754FF4009E6019 /* Trolley.h */; settings = {ATTRIBUTES = (Public, ); }; };
		C84AEEBB1F754FF5009E6019 /* Log.h in Headers */ = {isa = PBXBuildFile; fileRef = C84AEE5D1F754FF4009E6019 /* Log.h */; settings = {ATTRIBUTES = (Public, ); }; };
		C84AEEBC1F754FF5009E6019 /* TRLError.h in Headers */ = {isa = PBXBuildFile; fileRef = C84AEE5E1F754FF4009E6019 /* TRLError.h */; settings = {ATTRIBUTES = (Public, ); }; };
		C84AEEBD1F754FF5009E6019 /* TRLTimer.swift in Sources */ = {isa = PBXBuildFile; fileRef = C84AEE5F1F754FF4009E6019 /* TRLTimer.swift */; };
		C84AEEBF1F755AF7009E6019 /* libicucore.tbd in Frameworks */ = {isa = PBXBuildFile; fileRef = C84AEEBE1F755AF6009E6019 /* libicucore.tbd */; };
		C86590021F56EA26004DA57D /* TRLOptions.swift in Sources */ = {isa = PBXBuildFile; fileRef = C86590011F56EA26004DA57D /* TRLOptions.swift */; };
		C8E17AC11F4D8A3100A5C468 /* Trolley.swift in Sources */ = {isa = PBXBuildFile; fileRef = C8E17AC01F4D8A3100A5C468 /* Trolley.swift */; };
/* End PBXBuildFile section */

/* Begin PBXContainerItemProxy section */
		C8460FEB1F4C665800CFF7E8 /* PBXContainerItemProxy */ = {
			isa = PBXContainerItemProxy;
			containerPortal = C8460FD71F4C665800CFF7E8 /* Project object */;
			proxyType = 1;
			remoteGlobalIDString = C8460FDF1F4C665800CFF7E8;
			remoteInfo = TrolleyCore;
		};
/* End PBXContainerItemProxy section */

/* Begin PBXFileReference section */
		06686AB229520C0E2F5F57DE /* Pods-TrolleyCore.release.xcconfig */ = {isa = PBXFileReference; includeInIndex = 1; lastKnownFileType = text.xcconfig; name = "Pods-TrolleyCore.release.xcconfig"; path = "Pods/Target Support Files/Pods-TrolleyCore/Pods-TrolleyCore.release.xcconfig"; sourceTree = "<group>"; };
		1C14ED7D3D68654574633F55 /* Pods-TrolleyCore.debug.xcconfig */ = {isa = PBXFileReference; includeInIndex = 1; lastKnownFileType = text.xcconfig; name = "Pods-TrolleyCore.debug.xcconfig"; path = "Pods/Target Support Files/Pods-TrolleyCore/Pods-TrolleyCore.debug.xcconfig"; sourceTree = "<group>"; };
		5A533A8BF218B947C82D4EB8 /* Pods-TrolleyCoreTests.release.xcconfig */ = {isa = PBXFileReference; includeInIndex = 1; lastKnownFileType = text.xcconfig; name = "Pods-TrolleyCoreTests.release.xcconfig"; path = "Pods/Target Support Files/Pods-TrolleyCoreTests/Pods-TrolleyCoreTests.release.xcconfig"; sourceTree = "<group>"; };
		7FC9EB8234952018AF58BF8D /* Pods-TrolleyCoreTests.debug.xcconfig */ = {isa = PBXFileReference; includeInIndex = 1; lastKnownFileType = text.xcconfig; name = "Pods-TrolleyCoreTests.debug.xcconfig"; path = "Pods/Target Support Files/Pods-TrolleyCoreTests/Pods-TrolleyCoreTests.debug.xcconfig"; sourceTree = "<group>"; };
		B6757E40FDB2D0C9BEDBD86D /* Pods_TrolleyCore.framework */ = {isa = PBXFileReference; explicitFileType = wrapper.framework; includeInIndex = 0; path = Pods_TrolleyCore.framework; sourceTree = BUILT_PRODUCTS_DIR; };
		C84166421F4DFB5F0097EB3E /* PromiseKit.framework */ = {isa = PBXFileReference; lastKnownFileType = wrapper.framework; name = PromiseKit.framework; path = "../../../../Library/Developer/Xcode/DerivedData/TrolleyCore-hezepbvoslfaqgcqonxuosaxhypv/Build/Products/Debug-iphonesimulator/PromiseKit/PromiseKit.framework"; sourceTree = "<group>"; };
		C8460FE01F4C665800CFF7E8 /* TrolleyCore.framework */ = {isa = PBXFileReference; explicitFileType = wrapper.framework; includeInIndex = 0; path = TrolleyCore.framework; sourceTree = BUILT_PRODUCTS_DIR; };
		C8460FE31F4C665800CFF7E8 /* TrolleyCore.h */ = {isa = PBXFileReference; lastKnownFileType = sourcecode.c.h; lineEnding = 0; path = TrolleyCore.h; sourceTree = "<group>"; xcLanguageSpecificationIdentifier = xcode.lang.objcpp; };
		C8460FE41F4C665800CFF7E8 /* Info.plist */ = {isa = PBXFileReference; lastKnownFileType = text.plist.xml; path = Info.plist; sourceTree = "<group>"; };
		C8460FE91F4C665800CFF7E8 /* TrolleyCoreTests.xctest */ = {isa = PBXFileReference; explicitFileType = wrapper.cfbundle; includeInIndex = 0; path = TrolleyCoreTests.xctest; sourceTree = BUILT_PRODUCTS_DIR; };
		C8460FF01F4C665800CFF7E8 /* Info.plist */ = {isa = PBXFileReference; lastKnownFileType = text.plist.xml; path = Info.plist; sourceTree = "<group>"; };
		C84AEDF41F754FF2009E6019 /* TRLNetworkManager_Options.h */ = {isa = PBXFileReference; fileEncoding = 4; lastKnownFileType = sourcecode.c.h; path = TRLNetworkManager_Options.h; sourceTree = "<group>"; };
		C84AEDF51F754FF2009E6019 /* Trolley.m */ = {isa = PBXFileReference; fileEncoding = 4; lastKnownFileType = sourcecode.c.objc; path = Trolley.m; sourceTree = "<group>"; };
		C84AEDF61F754FF2009E6019 /* Log.m */ = {isa = PBXFileReference; fileEncoding = 4; lastKnownFileType = sourcecode.c.objc; path = Log.m; sourceTree = "<group>"; };
		C84AEDF91F754FF2009E6019 /* TRLURLDataTaskDelegate.h */ = {isa = PBXFileReference; fileEncoding = 4; lastKnownFileType = sourcecode.c.h; path = TRLURLDataTaskDelegate.h; sourceTree = "<group>"; };
		C84AEDFA1F754FF2009E6019 /* TRLURLDataTaskDelegate.m */ = {isa = PBXFileReference; fileEncoding = 4; lastKnownFileType = sourcecode.c.objc; path = TRLURLDataTaskDelegate.m; sourceTree = "<group>"; };
		C84AEDFB1F754FF2009E6019 /* TRLURLSessionDelegate.swift */ = {isa = PBXFileReference; fileEncoding = 4; lastKnownFileType = sourcecode.swift; path = TRLURLSessionDelegate.swift; sourceTree = "<group>"; };
		C84AEDFC1F754FF2009E6019 /* TRLURLTaskDelegate.h */ = {isa = PBXFileReference; fileEncoding = 4; lastKnownFileType = sourcecode.c.h; path = TRLURLTaskDelegate.h; sourceTree = "<group>"; };
		C84AEDFD1F754FF2009E6019 /* TRLURLTaskDelegate.m */ = {isa = PBXFileReference; fileEncoding = 4; lastKnownFileType = sourcecode.c.objc; path = TRLURLTaskDelegate.m; sourceTree = "<group>"; };
		C84AEDFE1F754FF2009E6019 /* TRLURLTaskDelegate_Dynamic.h */ = {isa = PBXFileReference; fileEncoding = 4; lastKnownFileType = sourcecode.c.h; path = TRLURLTaskDelegate_Dynamic.h; sourceTree = "<group>"; };
		C84AEE001F754FF2009E6019 /* TRLURLEncoding.h */ = {isa = PBXFileReference; fileEncoding = 4; lastKnownFileType = sourcecode.c.h; path = TRLURLEncoding.h; sourceTree = "<group>"; };
		C84AEE011F754FF2009E6019 /* TRLURLEncoding.m */ = {isa = PBXFileReference; fileEncoding = 4; lastKnownFileType = sourcecode.c.objc; path = TRLURLEncoding.m; sourceTree = "<group>"; };
		C84AEE021F754FF2009E6019 /* TRLURLParameterEncoding.h */ = {isa = PBXFileReference; fileEncoding = 4; lastKnownFileType = sourcecode.c.h; path = TRLURLParameterEncoding.h; sourceTree = "<group>"; };
		C84AEE041F754FF2009E6019 /* JSON+Bridging.swift */ = {isa = PBXFileReference; fileEncoding = 4; lastKnownFileType = sourcecode.swift; path = "JSON+Bridging.swift"; sourceTree = "<group>"; };
		C84AEE051F754FF2009E6019 /* JSON.swift */ = {isa = PBXFileReference; fileEncoding = 4; lastKnownFileType = sourcecode.swift; path = JSON.swift; sourceTree = "<group>"; };
		C84AEE061F754FF2009E6019 /* JSONCore.swift */ = {isa = PBXFileReference; fileEncoding = 4; lastKnownFileType = sourcecode.swift; path = JSONCore.swift; sourceTree = "<group>"; };
		C84AEE071F754FF2009E6019 /* TRLJSON.h */ = {isa = PBXFileReference; fileEncoding = 4; lastKnownFileType = sourcecode.c.h; path = TRLJSON.h; sourceTree = "<group>"; };
		C84AEE081F754FF2009E6019 /* TRLJSON.m */ = {isa = PBXFileReference; fileEncoding = 4; lastKnownFileType = sourcecode.c.objc; path = TRLJSON.m; sourceTree = "<group>"; };
		C84AEE091F754FF2009E6019 /* TRLJSONBase.h */ = {isa = PBXFileReference; fileEncoding = 4; lastKnownFileType = sourcecode.c.h; path = TRLJSONBase.h; sourceTree = "<group>"; };
		C84AEE0A1F754FF2009E6019 /* TRLJSONBase.m */ = {isa = PBXFileReference; fileEncoding = 4; lastKnownFileType = sourcecode.c.objc; path = TRLJSONBase.m; sourceTree = "<group>"; };
		C84AEE0B1F754FF2009E6019 /* TRLJSONBase_Dynamic.h */ = {isa = PBXFileReference; fileEncoding = 4; lastKnownFileType = sourcecode.c.h; path = TRLJSONBase_Dynamic.h; sourceTree = "<group>"; };
		C84AEE0C1F754FF2009E6019 /* TRLJSONBase_Private.h */ = {isa = PBXFileReference; fileEncoding = 4; lastKnownFileType = sourcecode.c.h; path = TRLJSONBase_Private.h; sourceTree = "<group>"; };
		C84AEE0D1F754FF2009E6019 /* TRLMutableArray.h */ = {isa = PBXFileReference; fileEncoding = 4; lastKnownFileType = sourcecode.c.h; path = TRLMutableArray.h; sourceTree = "<group>"; };
		C84AEE0E1F754FF2009E6019 /* TRLMutableArray.m */ = {isa = PBXFileReference; fileEncoding = 4; lastKnownFileType = sourcecode.c.objc; path = TRLMutableArray.m; sourceTree = "<group>"; };
		C84AEE0F1F754FF2009E6019 /* TRLMutableDictionary.h */ = {isa = PBXFileReference; fileEncoding = 4; lastKnownFileType = sourcecode.c.h; path = TRLMutableDictionary.h; sourceTree = "<group>"; };
		C84AEE101F754FF2009E6019 /* TRLMutableDictionary.m */ = {isa = PBXFileReference; fileEncoding = 4; lastKnownFileType = sourcecode.c.objc; path = TRLMutableDictionary.m; sourceTree = "<group>"; };
		C84AEE111F754FF2009E6019 /* TRLMutableJSON.h */ = {isa = PBXFileReference; fileEncoding = 4; lastKnownFileType = sourcecode.c.h; path = TRLMutableJSON.h; sourceTree = "<group>"; };
		C84AEE121F754FF2009E6019 /* TRLMutableJSON.m */ = {isa = PBXFileReference; fileEncoding = 4; lastKnownFileType = sourcecode.c.objc; path = TRLMutableJSON.m; sourceTree = "<group>"; };
		C84AEE141F754FF2009E6019 /* Reachability.h */ = {isa = PBXFileReference; fileEncoding = 4; lastKnownFileType = sourcecode.c.h; path = Reachability.h; sourceTree = "<group>"; };
		C84AEE151F754FF2009E6019 /* Reachability.m */ = {isa = PBXFileReference; fileEncoding = 4; lastKnownFileType = sourcecode.c.objc; path = Reachability.m; sourceTree = "<group>"; };
		C84AEE161F754FF2009E6019 /* Reachability.swift */ = {isa = PBXFileReference; fileEncoding = 4; lastKnownFileType = sourcecode.swift; path = Reachability.swift; sourceTree = "<group>"; };
		C84AEE181F754FF2009E6019 /* TRLURLDataRequest.h */ = {isa = PBXFileReference; fileEncoding = 4; lastKnownFileType = sourcecode.c.h; path = TRLURLDataRequest.h; sourceTree = "<group>"; };
		C84AEE191F754FF2009E6019 /* TRLURLDataRequest.m */ = {isa = PBXFileReference; fileEncoding = 4; lastKnownFileType = sourcecode.c.objc; path = TRLURLDataRequest.m; sourceTree = "<group>"; };
		C84AEE1A1F754FF2009E6019 /* TRLURLDataRequest.swift */ = {isa = PBXFileReference; fileEncoding = 4; lastKnownFileType = sourcecode.swift; path = TRLURLDataRequest.swift; sourceTree = "<group>"; };
		C84AEE1B1F754FF2009E6019 /* TRLURLRequest.h */ = {isa = PBXFileReference; fileEncoding = 4; lastKnownFileType = sourcecode.c.h; path = TRLURLRequest.h; sourceTree = "<group>"; };
		C84AEE1C1F754FF2009E6019 /* TRLURLRequest.m */ = {isa = PBXFileReference; fileEncoding = 4; lastKnownFileType = sourcecode.c.objc; path = TRLURLRequest.m; sourceTree = "<group>"; };
		C84AEE1D1F754FF2009E6019 /* TRLURLRequestTask.swift */ = {isa = PBXFileReference; fileEncoding = 4; lastKnownFileType = sourcecode.swift; path = TRLURLRequestTask.swift; sourceTree = "<group>"; };
		C84AEE1F1F754FF2009E6019 /* TRLURLDataRequest+Response.swift */ = {isa = PBXFileReference; fileEncoding = 4; lastKnownFileType = sourcecode.swift; path = "TRLURLDataRequest+Response.swift"; sourceTree = "<group>"; };
		C84AEE201F754FF2009E6019 /* TRLURLResponse.swift */ = {isa = PBXFileReference; fileEncoding = 4; lastKnownFileType = sourcecode.swift; path = TRLURLResponse.swift; sourceTree = "<group>"; };
		C84AEE211F754FF2009E6019 /* TNT_Header.h */ = {isa = PBXFileReference; fileEncoding = 4; lastKnownFileType = sourcecode.c.h; path = TNT_Header.h; sourceTree = "<group>"; };
		C84AEE231F754FF2009E6019 /* TAuthorizationHeader.swift */ = {isa = PBXFileReference; fileEncoding = 4; lastKnownFileType = sourcecode.swift; path = TAuthorizationHeader.swift; sourceTree = "<group>"; };
		C84AEE241F754FF2009E6019 /* TBackgroundCompletion.swift */ = {isa = PBXFileReference; fileEncoding = 4; lastKnownFileType = sourcecode.swift; path = TBackgroundCompletion.swift; sourceTree = "<group>"; };
		C84AEE251F754FF2009E6019 /* TChallenge.swift */ = {isa = PBXFileReference; fileEncoding = 4; lastKnownFileType = sourcecode.swift; path = TChallenge.swift; sourceTree = "<group>"; };
		C84AEE261F754FF2009E6019 /* TProgressHandler.swift */ = {isa = PBXFileReference; fileEncoding = 4; lastKnownFileType = sourcecode.swift; path = TProgressHandler.swift; sourceTree = "<group>"; };
		C84AEE271F754FF2009E6019 /* TRLURLQueryParameters.swift */ = {isa = PBXFileReference; fileEncoding = 4; lastKnownFileType = sourcecode.swift; path = TRLURLQueryParameters.swift; sourceTree = "<group>"; };
		C84AEE281F754FF2009E6019 /* TValidations.swift */ = {isa = PBXFileReference; fileEncoding = 4; lastKnownFileType = sourcecode.swift; path = TValidations.swift; sourceTree = "<group>"; };
		C84AEE291F754FF2009E6019 /* WrittingOptionsKeysTouple.swift */ = {isa = PBXFileReference; fileEncoding = 4; lastKnownFileType = sourcecode.swift; path = WrittingOptionsKeysTouple.swift; sourceTree = "<group>"; };
		C84AEE2A1F754FF2009E6019 /* TRLURLSessionManager.h */ = {isa = PBXFileReference; fileEncoding = 4; lastKnownFileType = sourcecode.c.h; path = TRLURLSessionManager.h; sourceTree = "<group>"; };
		C84AEE2B1F754FF2009E6019 /* TRLURLSessionManager.m */ = {isa = PBXFileReference; fileEncoding = 4; lastKnownFileType = sourcecode.c.objc; path = TRLURLSessionManager.m; sourceTree = "<group>"; };
		C84AEE2D1F754FF2009E6019 /* DispatchQueue+UUID.swift */ = {isa = PBXFileReference; fileEncoding = 4; lastKnownFileType = sourcecode.swift; path = "DispatchQueue+UUID.swift"; sourceTree = "<group>"; };
		C84AEE2F1F754FF2009E6019 /* NSArray+Map.h */ = {isa = PBXFileReference; fileEncoding = 4; lastKnownFileType = sourcecode.c.h; path = "NSArray+Map.h"; sourceTree = "<group>"; };
		C84AEE301F754FF2009E6019 /* NSArray+Map.m */ = {isa = PBXFileReference; fileEncoding = 4; lastKnownFileType = sourcecode.c.objc; path = "NSArray+Map.m"; sourceTree = "<group>"; };
		C84AEE311F754FF2009E6019 /* NSDictionary+JSON.swift */ = {isa = PBXFileReference; fileEncoding = 4; lastKnownFileType = sourcecode.swift; path = "NSDictionary+JSON.swift"; sourceTree = "<group>"; };
		C84AEE321F754FF2009E6019 /* NSLocale+HTTPHeader.swift */ = {isa = PBXFileReference; fileEncoding = 4; lastKnownFileType = sourcecode.swift; path = "NSLocale+HTTPHeader.swift"; sourceTree = "<group>"; };
		C84AEE331F754FF2009E6019 /* NSMutableURLRequest+Reqestable.h */ = {isa = PBXFileReference; fileEncoding = 4; lastKnownFileType = sourcecode.c.h; path = "NSMutableURLRequest+Reqestable.h"; sourceTree = "<group>"; };
		C84AEE341F754FF2009E6019 /* NSMutableURLRequest+Reqestable.m */ = {isa = PBXFileReference; fileEncoding = 4; lastKnownFileType = sourcecode.c.objc; path = "NSMutableURLRequest+Reqestable.m"; sourceTree = "<group>"; };
		C84AEE351F754FF2009E6019 /* NSNumber+Bool.swift */ = {isa = PBXFileReference; fileEncoding = 4; lastKnownFileType = sourcecode.swift; path = "NSNumber+Bool.swift"; sourceTree = "<group>"; };
		C84AEE361F754FF2009E6019 /* TNTUtils.h */ = {isa = PBXFileReference; fileEncoding = 4; lastKnownFileType = sourcecode.c.h; path = TNTUtils.h; sourceTree = "<group>"; };
		C84AEE371F754FF2009E6019 /* TNTUtils.m */ = {isa = PBXFileReference; fileEncoding = 4; lastKnownFileType = sourcecode.c.objc; path = TNTUtils.m; sourceTree = "<group>"; };
		C84AEE381F754FF2009E6019 /* TRLBlocks.h */ = {isa = PBXFileReference; fileEncoding = 4; lastKnownFileType = sourcecode.c.h; path = TRLBlocks.h; sourceTree = "<group>"; };
		C84AEE391F754FF2009E6019 /* UserAgent.swift */ = {isa = PBXFileReference; fileEncoding = 4; lastKnownFileType = sourcecode.swift; path = UserAgent.swift; sourceTree = "<group>"; };
		C84AEE3A1F754FF3009E6019 /* TRLError.m */ = {isa = PBXFileReference; fileEncoding = 4; lastKnownFileType = sourcecode.c.objc; path = TRLError.m; sourceTree = "<group>"; };
		C84AEE3D1F754FF3009E6019 /* TSRWebSocket.h */ = {isa = PBXFileReference; fileEncoding = 4; lastKnownFileType = sourcecode.c.h; path = TSRWebSocket.h; sourceTree = "<group>"; };
		C84AEE3E1F754FF3009E6019 /* TSRWebSocket.m */ = {isa = PBXFileReference; fileEncoding = 4; lastKnownFileType = sourcecode.c.objc; path = TSRWebSocket.m; sourceTree = "<group>"; };
		C84AEE3F1F754FF3009E6019 /* TRLDefaultsManager.swift */ = {isa = PBXFileReference; fileEncoding = 4; lastKnownFileType = sourcecode.swift; path = TRLDefaultsManager.swift; sourceTree = "<group>"; };
		C84AEE401F754FF3009E6019 /* Error.swift */ = {isa = PBXFileReference; fileEncoding = 4; lastKnownFileType = sourcecode.swift; path = Error.swift; sourceTree = "<group>"; };
		C84AEE411F754FF3009E6019 /* Swift-Fixed-Header.h */ = {isa = PBXFileReference; fileEncoding = 4; lastKnownFileType = sourcecode.c.h; path = "Swift-Fixed-Header.h"; sourceTree = "<group>"; };
		C84AEE421F754FF3009E6019 /* Log.swift */ = {isa = PBXFileReference; fileEncoding = 4; lastKnownFileType = sourcecode.swift; path = Log.swift; sourceTree = "<group>"; };
		C84AEE451F754FF3009E6019 /* TRLNetworkInfo.h */ = {isa = PBXFileReference; fileEncoding = 4; lastKnownFileType = sourcecode.c.h; path = TRLNetworkInfo.h; sourceTree = "<group>"; };
		C84AEE461F754FF3009E6019 /* TRLNetworkInfo.m */ = {isa = PBXFileReference; fileEncoding = 4; lastKnownFileType = sourcecode.c.objc; path = TRLNetworkInfo.m; sourceTree = "<group>"; };
		C84AEE471F754FF3009E6019 /* TRLParsedURL.h */ = {isa = PBXFileReference; fileEncoding = 4; lastKnownFileType = sourcecode.c.h; path = TRLParsedURL.h; sourceTree = "<group>"; };
		C84AEE481F754FF3009E6019 /* TRLParsedURL.m */ = {isa = PBXFileReference; fileEncoding = 4; lastKnownFileType = sourcecode.c.objc; path = TRLParsedURL.m; sourceTree = "<group>"; };
		C84AEE4A1F754FF3009E6019 /* TRLNetwork_Private.h */ = {isa = PBXFileReference; fileEncoding = 4; lastKnownFileType = sourcecode.c.h; path = TRLNetwork_Private.h; sourceTree = "<group>"; };
		C84AEE4B1F754FF3009E6019 /* TRLNetworkInfo_Private.h */ = {isa = PBXFileReference; fileEncoding = 4; lastKnownFileType = sourcecode.c.h; path = TRLNetworkInfo_Private.h; sourceTree = "<group>"; };
		C84AEE4C1F754FF3009E6019 /* TRLNetworkManager_Private.h */ = {isa = PBXFileReference; fileEncoding = 4; lastKnownFileType = sourcecode.c.h; path = TRLNetworkManager_Private.h; sourceTree = "<group>"; };
		C84AEE4E1F754FF3009E6019 /* TRLNetworkConnection.h */ = {isa = PBXFileReference; fileEncoding = 4; lastKnownFileType = sourcecode.c.h; path = TRLNetworkConnection.h; sourceTree = "<group>"; };
		C84AEE4F1F754FF3009E6019 /* TRLNetworkConnection.m */ = {isa = PBXFileReference; fileEncoding = 4; lastKnownFileType = sourcecode.c.objc; path = TRLNetworkConnection.m; sourceTree = "<group>"; };
		C84AEE501F754FF3009E6019 /* TRLWebSocketConnection.h */ = {isa = PBXFileReference; fileEncoding = 4; lastKnownFileType = sourcecode.c.h; path = TRLWebSocketConnection.h; sourceTree = "<group>"; };
		C84AEE511F754FF3009E6019 /* TRLWebSocketConnection.m */ = {isa = PBXFileReference; fileEncoding = 4; lastKnownFileType = sourcecode.c.objc; path = TRLWebSocketConnection.m; sourceTree = "<group>"; };
		C84AEE521F754FF3009E6019 /* TRLWebSocketUtils.swift */ = {isa = PBXFileReference; fileEncoding = 4; lastKnownFileType = sourcecode.swift; path = TRLWebSocketUtils.swift; sourceTree = "<group>"; };
		C84AEE531F754FF3009E6019 /* TRLNetwork.h */ = {isa = PBXFileReference; fileEncoding = 4; lastKnownFileType = sourcecode.c.h; path = TRLNetwork.h; sourceTree = "<group>"; };
		C84AEE541F754FF3009E6019 /* TRLNetwork.m */ = {isa = PBXFileReference; fileEncoding = 4; lastKnownFileType = sourcecode.c.objc; path = TRLNetwork.m; sourceTree = "<group>"; };
		C84AEE551F754FF3009E6019 /* TRLNetwork_Header.h */ = {isa = PBXFileReference; fileEncoding = 4; lastKnownFileType = sourcecode.c.h; path = TRLNetwork_Header.h; sourceTree = "<group>"; };
		C84AEE561F754FF3009E6019 /* TRLNetworkManager.h */ = {isa = PBXFileReference; fileEncoding = 4; lastKnownFileType = sourcecode.c.h; path = TRLNetworkManager.h; sourceTree = "<group>"; };
		C84AEE571F754FF3009E6019 /* TRLNetworkManager.m */ = {isa = PBXFileReference; fileEncoding = 4; lastKnownFileType = sourcecode.c.objc; path = TRLNetworkManager.m; sourceTree = "<group>"; };
		C84AEE581F754FF3009E6019 /* TRLRequest.h */ = {isa = PBXFileReference; fileEncoding = 4; lastKnownFileType = sourcecode.c.h; path = TRLRequest.h; sourceTree = "<group>"; };
		C84AEE591F754FF3009E6019 /* TRLRequest.m */ = {isa = PBXFileReference; fileEncoding = 4; lastKnownFileType = sourcecode.c.objc; path = TRLRequest.m; sourceTree = "<group>"; };
		C84AEE5A1F754FF3009E6019 /* TRLRetryHelper.swift */ = {isa = PBXFileReference; fileEncoding = 4; lastKnownFileType = sourcecode.swift; path = TRLRetryHelper.swift; sourceTree = "<group>"; };
		C84AEE5B1F754FF4009E6019 /* Trolley.h */ = {isa = PBXFileReference; fileEncoding = 4; lastKnownFileType = sourcecode.c.h; path = Trolley.h; sourceTree = "<group>"; };
		C84AEE5D1F754FF4009E6019 /* Log.h */ = {isa = PBXFileReference; fileEncoding = 4; lastKnownFileType = sourcecode.c.h; path = Log.h; sourceTree = "<group>"; };
		C84AEE5E1F754FF4009E6019 /* TRLError.h */ = {isa = PBXFileReference; fileEncoding = 4; lastKnownFileType = sourcecode.c.h; path = TRLError.h; sourceTree = "<group>"; };
		C84AEE5F1F754FF4009E6019 /* TRLTimer.swift */ = {isa = PBXFileReference; fileEncoding = 4; lastKnownFileType = sourcecode.swift; path = TRLTimer.swift; sourceTree = "<group>"; };
		C84AEE601F754FF4009E6019 /* TrolleyCore.modulemap */ = {isa = PBXFileReference; fileEncoding = 4; lastKnownFileType = "sourcecode.module-map"; path = TrolleyCore.modulemap; sourceTree = "<group>"; };
		C84AEEBE1F755AF6009E6019 /* libicucore.tbd */ = {isa = PBXFileReference; lastKnownFileType = "sourcecode.text-based-dylib-definition"; name = libicucore.tbd; path = usr/lib/libicucore.tbd; sourceTree = SDKROOT; };
		C86590011F56EA26004DA57D /* TRLOptions.swift */ = {isa = PBXFileReference; fileEncoding = 4; lastKnownFileType = sourcecode.swift; path = TRLOptions.swift; sourceTree = "<group>"; };
		C8E17AC01F4D8A3100A5C468 /* Trolley.swift */ = {isa = PBXFileReference; fileEncoding = 4; lastKnownFileType = sourcecode.swift; path = Trolley.swift; sourceTree = "<group>"; };
		CB2D377743E1A9070CE3F48D /* Pods_TrolleyCoreTests.framework */ = {isa = PBXFileReference; explicitFileType = wrapper.framework; includeInIndex = 0; path = Pods_TrolleyCoreTests.framework; sourceTree = BUILT_PRODUCTS_DIR; };
/* End PBXFileReference section */

/* Begin PBXFrameworksBuildPhase section */
		C8460FDC1F4C665800CFF7E8 /* Frameworks */ = {
			isa = PBXFrameworksBuildPhase;
			buildActionMask = 2147483647;
			files = (
				C84AEEBF1F755AF7009E6019 /* libicucore.tbd in Frameworks */,
				C84166431F4DFB5F0097EB3E /* PromiseKit.framework in Frameworks */,
				89FFA16D03BD40A870E8C624 /* Pods_TrolleyCore.framework in Frameworks */,
			);
			runOnlyForDeploymentPostprocessing = 0;
		};
		C8460FE61F4C665800CFF7E8 /* Frameworks */ = {
			isa = PBXFrameworksBuildPhase;
			buildActionMask = 2147483647;
			files = (
				C8460FEA1F4C665800CFF7E8 /* TrolleyCore.framework in Frameworks */,
				A07D6AF544B756FFC3E93866 /* Pods_TrolleyCoreTests.framework in Frameworks */,
			);
			runOnlyForDeploymentPostprocessing = 0;
		};
/* End PBXFrameworksBuildPhase section */

/* Begin PBXGroup section */
		0A3E2044F41ABB193C33AC62 /* Frameworks */ = {
			isa = PBXGroup;
			children = (
				C84AEEBE1F755AF6009E6019 /* libicucore.tbd */,
				C84166421F4DFB5F0097EB3E /* PromiseKit.framework */,
				B6757E40FDB2D0C9BEDBD86D /* Pods_TrolleyCore.framework */,
				CB2D377743E1A9070CE3F48D /* Pods_TrolleyCoreTests.framework */,
			);
			name = Frameworks;
			sourceTree = "<group>";
		};
		5C67866FEF163ED6DC0361E0 /* Pods */ = {
			isa = PBXGroup;
			children = (
				1C14ED7D3D68654574633F55 /* Pods-TrolleyCore.debug.xcconfig */,
				06686AB229520C0E2F5F57DE /* Pods-TrolleyCore.release.xcconfig */,
				7FC9EB8234952018AF58BF8D /* Pods-TrolleyCoreTests.debug.xcconfig */,
				5A533A8BF218B947C82D4EB8 /* Pods-TrolleyCoreTests.release.xcconfig */,
			);
			name = Pods;
			sourceTree = "<group>";
		};
		C8460FD61F4C665800CFF7E8 = {
			isa = PBXGroup;
			children = (
				C8460FE21F4C665800CFF7E8 /* TrolleyCore */,
				C8460FED1F4C665800CFF7E8 /* TrolleyCoreTests */,
				C8460FE11F4C665800CFF7E8 /* Products */,
				5C67866FEF163ED6DC0361E0 /* Pods */,
				0A3E2044F41ABB193C33AC62 /* Frameworks */,
			);
			sourceTree = "<group>";
		};
		C8460FE11F4C665800CFF7E8 /* Products */ = {
			isa = PBXGroup;
			children = (
				C8460FE01F4C665800CFF7E8 /* TrolleyCore.framework */,
				C8460FE91F4C665800CFF7E8 /* TrolleyCoreTests.xctest */,
			);
			name = Products;
			sourceTree = "<group>";
		};
		C8460FE21F4C665800CFF7E8 /* TrolleyCore */ = {
			isa = PBXGroup;
			children = (
				C84AEE3B1F754FF3009E6019 /* 3rd Party */,
				C84AEE431F754FF3009E6019 /* API Connections */,
				C84AEDF71F754FF2009E6019 /* Networking */,
				C84AEE3F1F754FF3009E6019 /* TRLDefaultsManager.swift */,
				C84AEE5E1F754FF4009E6019 /* TRLError.h */,
				C84AEE3A1F754FF3009E6019 /* TRLError.m */,
				C84AEDF41F754FF2009E6019 /* TRLNetworkManager_Options.h */,
				C84AEE5F1F754FF4009E6019 /* TRLTimer.swift */,
				C84AEE5B1F754FF4009E6019 /* Trolley.h */,
				C84AEDF51F754FF2009E6019 /* Trolley.m */,
				C8E17AC01F4D8A3100A5C468 /* Trolley.swift */,
				C86590011F56EA26004DA57D /* TRLOptions.swift */,
				C84AEE401F754FF3009E6019 /* Error.swift */,
				C84AEE5D1F754FF4009E6019 /* Log.h */,
				C84AEDF61F754FF2009E6019 /* Log.m */,
				C84AEE421F754FF3009E6019 /* Log.swift */,
				C84610051F4C797100CFF7E8 /* Support Files */,
			);
			path = TrolleyCore;
			sourceTree = "<group>";
		};
		C8460FED1F4C665800CFF7E8 /* TrolleyCoreTests */ = {
			isa = PBXGroup;
			children = (
				C8460FF01F4C665800CFF7E8 /* Info.plist */,
			);
			path = TrolleyCoreTests;
			sourceTree = "<group>";
		};
		C84610051F4C797100CFF7E8 /* Support Files */ = {
			isa = PBXGroup;
			children = (
				C84AEE411F754FF3009E6019 /* Swift-Fixed-Header.h */,
				C84AEE601F754FF4009E6019 /* TrolleyCore.modulemap */,
				C8460FE31F4C665800CFF7E8 /* TrolleyCore.h */,
				C8460FE41F4C665800CFF7E8 /* Info.plist */,
			);
			name = "Support Files";
			sourceTree = "<group>";
		};
		C84AEDF71F754FF2009E6019 /* Networking */ = {
			isa = PBXGroup;
			children = (
				C84AEDF81F754FF2009E6019 /* Delegation */,
				C84AEDFF1F754FF2009E6019 /* Encoding */,
				C84AEE031F754FF2009E6019 /* JSON */,
				C84AEE131F754FF2009E6019 /* Reachability */,
				C84AEE171F754FF2009E6019 /* Request */,
				C84AEE1E1F754FF2009E6019 /* Response */,
				C84AEE211F754FF2009E6019 /* TNT_Header.h */,
				C84AEE221F754FF2009E6019 /* Touples */,
				C84AEE2A1F754FF2009E6019 /* TRLURLSessionManager.h */,
				C84AEE2B1F754FF2009E6019 /* TRLURLSessionManager.m */,
				C84AEE2C1F754FF2009E6019 /* Utils */,
			);
			path = Networking;
			sourceTree = "<group>";
		};
		C84AEDF81F754FF2009E6019 /* Delegation */ = {
			isa = PBXGroup;
			children = (
				C84AEDF91F754FF2009E6019 /* TRLURLDataTaskDelegate.h */,
				C84AEDFA1F754FF2009E6019 /* TRLURLDataTaskDelegate.m */,
				C84AEDFB1F754FF2009E6019 /* TRLURLSessionDelegate.swift */,
				C84AEDFC1F754FF2009E6019 /* TRLURLTaskDelegate.h */,
				C84AEDFD1F754FF2009E6019 /* TRLURLTaskDelegate.m */,
				C84AEDFE1F754FF2009E6019 /* TRLURLTaskDelegate_Dynamic.h */,
			);
			path = Delegation;
			sourceTree = "<group>";
		};
		C84AEDFF1F754FF2009E6019 /* Encoding */ = {
			isa = PBXGroup;
			children = (
				C84AEE001F754FF2009E6019 /* TRLURLEncoding.h */,
				C84AEE011F754FF2009E6019 /* TRLURLEncoding.m */,
				C84AEE021F754FF2009E6019 /* TRLURLParameterEncoding.h */,
			);
			path = Encoding;
			sourceTree = "<group>";
		};
		C84AEE031F754FF2009E6019 /* JSON */ = {
			isa = PBXGroup;
			children = (
				C84AEE041F754FF2009E6019 /* JSON+Bridging.swift */,
				C84AEE051F754FF2009E6019 /* JSON.swift */,
				C84AEE061F754FF2009E6019 /* JSONCore.swift */,
				C84AEE071F754FF2009E6019 /* TRLJSON.h */,
				C84AEE081F754FF2009E6019 /* TRLJSON.m */,
				C84AEE091F754FF2009E6019 /* TRLJSONBase.h */,
				C84AEE0A1F754FF2009E6019 /* TRLJSONBase.m */,
				C84AEE0B1F754FF2009E6019 /* TRLJSONBase_Dynamic.h */,
				C84AEE0C1F754FF2009E6019 /* TRLJSONBase_Private.h */,
				C84AEE0D1F754FF2009E6019 /* TRLMutableArray.h */,
				C84AEE0E1F754FF2009E6019 /* TRLMutableArray.m */,
				C84AEE0F1F754FF2009E6019 /* TRLMutableDictionary.h */,
				C84AEE101F754FF2009E6019 /* TRLMutableDictionary.m */,
				C84AEE111F754FF2009E6019 /* TRLMutableJSON.h */,
				C84AEE121F754FF2009E6019 /* TRLMutableJSON.m */,
			);
			path = JSON;
			sourceTree = "<group>";
		};
		C84AEE131F754FF2009E6019 /* Reachability */ = {
			isa = PBXGroup;
			children = (
				C84AEE141F754FF2009E6019 /* Reachability.h */,
				C84AEE151F754FF2009E6019 /* Reachability.m */,
				C84AEE161F754FF2009E6019 /* Reachability.swift */,
			);
			path = Reachability;
			sourceTree = "<group>";
		};
		C84AEE171F754FF2009E6019 /* Request */ = {
			isa = PBXGroup;
			children = (
				C84AEE181F754FF2009E6019 /* TRLURLDataRequest.h */,
				C84AEE191F754FF2009E6019 /* TRLURLDataRequest.m */,
				C84AEE1A1F754FF2009E6019 /* TRLURLDataRequest.swift */,
				C84AEE1B1F754FF2009E6019 /* TRLURLRequest.h */,
				C84AEE1C1F754FF2009E6019 /* TRLURLRequest.m */,
				C84AEE1D1F754FF2009E6019 /* TRLURLRequestTask.swift */,
			);
			path = Request;
			sourceTree = "<group>";
		};
		C84AEE1E1F754FF2009E6019 /* Response */ = {
			isa = PBXGroup;
			children = (
				C84AEE1F1F754FF2009E6019 /* TRLURLDataRequest+Response.swift */,
				C84AEE201F754FF2009E6019 /* TRLURLResponse.swift */,
			);
			path = Response;
			sourceTree = "<group>";
		};
		C84AEE221F754FF2009E6019 /* Touples */ = {
			isa = PBXGroup;
			children = (
				C84AEE231F754FF2009E6019 /* TAuthorizationHeader.swift */,
				C84AEE241F754FF2009E6019 /* TBackgroundCompletion.swift */,
				C84AEE251F754FF2009E6019 /* TChallenge.swift */,
				C84AEE261F754FF2009E6019 /* TProgressHandler.swift */,
				C84AEE271F754FF2009E6019 /* TRLURLQueryParameters.swift */,
				C84AEE281F754FF2009E6019 /* TValidations.swift */,
				C84AEE291F754FF2009E6019 /* WrittingOptionsKeysTouple.swift */,
			);
			path = Touples;
			sourceTree = "<group>";
		};
		C84AEE2C1F754FF2009E6019 /* Utils */ = {
			isa = PBXGroup;
			children = (
				C84AEE2D1F754FF2009E6019 /* DispatchQueue+UUID.swift */,
				C84AEE2F1F754FF2009E6019 /* NSArray+Map.h */,
				C84AEE301F754FF2009E6019 /* NSArray+Map.m */,
				C84AEE311F754FF2009E6019 /* NSDictionary+JSON.swift */,
				C84AEE321F754FF2009E6019 /* NSLocale+HTTPHeader.swift */,
				C84AEE331F754FF2009E6019 /* NSMutableURLRequest+Reqestable.h */,
				C84AEE341F754FF2009E6019 /* NSMutableURLRequest+Reqestable.m */,
				C84AEE351F754FF2009E6019 /* NSNumber+Bool.swift */,
				C84AEE361F754FF2009E6019 /* TNTUtils.h */,
				C84AEE371F754FF2009E6019 /* TNTUtils.m */,
				C84AEE381F754FF2009E6019 /* TRLBlocks.h */,
				C84AEE391F754FF2009E6019 /* UserAgent.swift */,
			);
			path = Utils;
			sourceTree = "<group>";
		};
		C84AEE3B1F754FF3009E6019 /* 3rd Party */ = {
			isa = PBXGroup;
			children = (
				C84AEE3C1F754FF3009E6019 /* Websocket */,
			);
			path = "3rd Party";
			sourceTree = "<group>";
		};
		C84AEE3C1F754FF3009E6019 /* Websocket */ = {
			isa = PBXGroup;
			children = (
				C84AEE3D1F754FF3009E6019 /* TSRWebSocket.h */,
				C84AEE3E1F754FF3009E6019 /* TSRWebSocket.m */,
			);
			path = Websocket;
			sourceTree = "<group>";
		};
		C84AEE431F754FF3009E6019 /* API Connections */ = {
			isa = PBXGroup;
			children = (
				C84AEE441F754FF3009E6019 /* Info */,
				C84AEE491F754FF3009E6019 /* Private */,
				C84AEE4D1F754FF3009E6019 /* Realtime */,
				C84AEE531F754FF3009E6019 /* TRLNetwork.h */,
				C84AEE541F754FF3009E6019 /* TRLNetwork.m */,
				C84AEE551F754FF3009E6019 /* TRLNetwork_Header.h */,
				C84AEE561F754FF3009E6019 /* TRLNetworkManager.h */,
				C84AEE571F754FF3009E6019 /* TRLNetworkManager.m */,
				C84AEE581F754FF3009E6019 /* TRLRequest.h */,
				C84AEE591F754FF3009E6019 /* TRLRequest.m */,
				C84AEE5A1F754FF3009E6019 /* TRLRetryHelper.swift */,
			);
			path = "API Connections";
			sourceTree = "<group>";
		};
		C84AEE441F754FF3009E6019 /* Info */ = {
			isa = PBXGroup;
			children = (
				C84AEE451F754FF3009E6019 /* TRLNetworkInfo.h */,
				C84AEE461F754FF3009E6019 /* TRLNetworkInfo.m */,
				C84AEE471F754FF3009E6019 /* TRLParsedURL.h */,
				C84AEE481F754FF3009E6019 /* TRLParsedURL.m */,
			);
			path = Info;
			sourceTree = "<group>";
		};
		C84AEE491F754FF3009E6019 /* Private */ = {
			isa = PBXGroup;
			children = (
				C84AEE4A1F754FF3009E6019 /* TRLNetwork_Private.h */,
				C84AEE4B1F754FF3009E6019 /* TRLNetworkInfo_Private.h */,
				C84AEE4C1F754FF3009E6019 /* TRLNetworkManager_Private.h */,
			);
			path = Private;
			sourceTree = "<group>";
		};
		C84AEE4D1F754FF3009E6019 /* Realtime */ = {
			isa = PBXGroup;
			children = (
				C84AEE4E1F754FF3009E6019 /* TRLNetworkConnection.h */,
				C84AEE4F1F754FF3009E6019 /* TRLNetworkConnection.m */,
				C84AEE501F754FF3009E6019 /* TRLWebSocketConnection.h */,
				C84AEE511F754FF3009E6019 /* TRLWebSocketConnection.m */,
				C84AEE521F754FF3009E6019 /* TRLWebSocketUtils.swift */,
			);
			path = Realtime;
			sourceTree = "<group>";
		};
/* End PBXGroup section */

/* Begin PBXHeadersBuildPhase section */
		C8460FDD1F4C665800CFF7E8 /* Headers */ = {
			isa = PBXHeadersBuildPhase;
			buildActionMask = 2147483647;
			files = (
				C84AEEAB1F754FF5009E6019 /* TRLNetworkManager_Private.h in Headers */,
				C84AEE821F754FF5009E6019 /* TRLURLRequest.h in Headers */,
				C84AEE971F754FF5009E6019 /* NSMutableURLRequest+Reqestable.h in Headers */,
				C84AEE741F754FF5009E6019 /* TRLJSONBase_Dynamic.h in Headers */,
				C8460FF11F4C665800CFF7E8 /* TrolleyCore.h in Headers */,
				C84AEE761F754FF5009E6019 /* TRLMutableArray.h in Headers */,
				C84AEEB61F754FF5009E6019 /* TRLRequest.h in Headers */,
				C84AEE721F754FF5009E6019 /* TRLJSONBase.h in Headers */,
				C84AEEB41F754FF5009E6019 /* TRLNetworkManager.h in Headers */,
				C84AEE7C1F754FF5009E6019 /* Reachability.h in Headers */,
				C84AEE671F754FF5009E6019 /* TRLURLTaskDelegate.h in Headers */,
				C84AEE8F1F754FF5009E6019 /* TRLURLSessionManager.h in Headers */,
				C84AEE931F754FF5009E6019 /* NSArray+Map.h in Headers */,
				C84AEE7A1F754FF5009E6019 /* TRLMutableJSON.h in Headers */,
				C84AEE701F754FF5009E6019 /* TRLJSON.h in Headers */,
				C84AEE6C1F754FF5009E6019 /* TRLURLParameterEncoding.h in Headers */,
				C84AEEBB1F754FF5009E6019 /* Log.h in Headers */,
				C84AEE6A1F754FF5009E6019 /* TRLURLEncoding.h in Headers */,
				C84AEE9C1F754FF5009E6019 /* TRLBlocks.h in Headers */,
				C84AEE641F754FF5009E6019 /* TRLURLDataTaskDelegate.h in Headers */,
				C84AEEB91F754FF5009E6019 /* Trolley.h in Headers */,
				C84AEE781F754FF5009E6019 /* TRLMutableDictionary.h in Headers */,
				C84AEE9A1F754FF5009E6019 /* TNTUtils.h in Headers */,
				C84AEE7F1F754FF5009E6019 /* TRLURLDataRequest.h in Headers */,
				C84AEEBC1F754FF5009E6019 /* TRLError.h in Headers */,
				C84AEE691F754FF5009E6019 /* TRLURLTaskDelegate_Dynamic.h in Headers */,
				C84AEEA71F754FF5009E6019 /* TRLParsedURL.h in Headers */,
				C84AEE611F754FF5009E6019 /* TRLNetworkManager_Options.h in Headers */,
				C84AEEAA1F754FF5009E6019 /* TRLNetworkInfo_Private.h in Headers */,
				C84AEE751F754FF5009E6019 /* TRLJSONBase_Private.h in Headers */,
				C84AEEAE1F754FF5009E6019 /* TRLWebSocketConnection.h in Headers */,
				C84AEE871F754FF5009E6019 /* TNT_Header.h in Headers */,
				C84AEEA91F754FF5009E6019 /* TRLNetwork_Private.h in Headers */,
				C84AEEAC1F754FF5009E6019 /* TRLNetworkConnection.h in Headers */,
				C84AEEA31F754FF5009E6019 /* Swift-Fixed-Header.h in Headers */,
				C84AEEB31F754FF5009E6019 /* TRLNetwork_Header.h in Headers */,
				C84AEEA51F754FF5009E6019 /* TRLNetworkInfo.h in Headers */,
				C84AEE9F1F754FF5009E6019 /* TSRWebSocket.h in Headers */,
				C84AEEB11F754FF5009E6019 /* TRLNetwork.h in Headers */,
			);
			runOnlyForDeploymentPostprocessing = 0;
		};
/* End PBXHeadersBuildPhase section */

/* Begin PBXNativeTarget section */
		C8460FDF1F4C665800CFF7E8 /* TrolleyCore */ = {
			isa = PBXNativeTarget;
			buildConfigurationList = C8460FF41F4C665800CFF7E8 /* Build configuration list for PBXNativeTarget "TrolleyCore" */;
			buildPhases = (
				2620983AA52954AB3E82DA07 /* [CP] Check Pods Manifest.lock */,
				C8460FDB1F4C665800CFF7E8 /* Sources */,
				C8460FDC1F4C665800CFF7E8 /* Frameworks */,
				C8460FDD1F4C665800CFF7E8 /* Headers */,
				C8460FDE1F4C665800CFF7E8 /* Resources */,
				BE5094A6E3DD7A7C88202B57 /* [CP] Copy Pods Resources */,
				C8E17AC41F4D947100A5C468 /* ShellScript */,
			);
			buildRules = (
			);
			dependencies = (
			);
			name = TrolleyCore;
			productName = TrolleyCore;
			productReference = C8460FE01F4C665800CFF7E8 /* TrolleyCore.framework */;
			productType = "com.apple.product-type.framework";
		};
		C8460FE81F4C665800CFF7E8 /* TrolleyCoreTests */ = {
			isa = PBXNativeTarget;
			buildConfigurationList = C8460FF71F4C665800CFF7E8 /* Build configuration list for PBXNativeTarget "TrolleyCoreTests" */;
			buildPhases = (
				E0C8C5F86D4E9BC2C2C7CAF0 /* [CP] Check Pods Manifest.lock */,
				C8460FE51F4C665800CFF7E8 /* Sources */,
				C8460FE61F4C665800CFF7E8 /* Frameworks */,
				C8460FE71F4C665800CFF7E8 /* Resources */,
				CB8B50FC2802971BDDB7D86A /* [CP] Embed Pods Frameworks */,
				DA4A5FE572286D9056CE209F /* [CP] Copy Pods Resources */,
			);
			buildRules = (
			);
			dependencies = (
				C8460FEC1F4C665800CFF7E8 /* PBXTargetDependency */,
			);
			name = TrolleyCoreTests;
			productName = TrolleyCoreTests;
			productReference = C8460FE91F4C665800CFF7E8 /* TrolleyCoreTests.xctest */;
			productType = "com.apple.product-type.bundle.unit-test";
		};
/* End PBXNativeTarget section */

/* Begin PBXProject section */
		C8460FD71F4C665800CFF7E8 /* Project object */ = {
			isa = PBXProject;
			attributes = {
				CLASSPREFIX = TRL;
				LastUpgradeCheck = 0900;
				ORGANIZATIONNAME = "Off-Piste";
				TargetAttributes = {
					C8460FDF1F4C665800CFF7E8 = {
						CreatedOnToolsVersion = 8.3.3;
						DevelopmentTeam = FVT8X28ANV;
						LastSwiftMigration = 0900;
						ProvisioningStyle = Automatic;
					};
					C8460FE81F4C665800CFF7E8 = {
						CreatedOnToolsVersion = 8.3.3;
						DevelopmentTeam = FVT8X28ANV;
						LastSwiftMigration = 0830;
						ProvisioningStyle = Automatic;
					};
				};
			};
			buildConfigurationList = C8460FDA1F4C665800CFF7E8 /* Build configuration list for PBXProject "TrolleyCore" */;
			compatibilityVersion = "Xcode 3.2";
			developmentRegion = English;
			hasScannedForEncodings = 0;
			knownRegions = (
				en,
			);
			mainGroup = C8460FD61F4C665800CFF7E8;
			productRefGroup = C8460FE11F4C665800CFF7E8 /* Products */;
			projectDirPath = "";
			projectRoot = "";
			targets = (
				C8460FDF1F4C665800CFF7E8 /* TrolleyCore */,
				C8460FE81F4C665800CFF7E8 /* TrolleyCoreTests */,
			);
		};
/* End PBXProject section */

/* Begin PBXResourcesBuildPhase section */
		C8460FDE1F4C665800CFF7E8 /* Resources */ = {
			isa = PBXResourcesBuildPhase;
			buildActionMask = 2147483647;
			files = (
			);
			runOnlyForDeploymentPostprocessing = 0;
		};
		C8460FE71F4C665800CFF7E8 /* Resources */ = {
			isa = PBXResourcesBuildPhase;
			buildActionMask = 2147483647;
			files = (
			);
			runOnlyForDeploymentPostprocessing = 0;
		};
/* End PBXResourcesBuildPhase section */

/* Begin PBXShellScriptBuildPhase section */
		2620983AA52954AB3E82DA07 /* [CP] Check Pods Manifest.lock */ = {
			isa = PBXShellScriptBuildPhase;
			buildActionMask = 2147483647;
			files = (
			);
			inputPaths = (
			);
			name = "[CP] Check Pods Manifest.lock";
			outputPaths = (
			);
			runOnlyForDeploymentPostprocessing = 0;
			shellPath = /bin/sh;
			shellScript = "diff \"${PODS_ROOT}/../Podfile.lock\" \"${PODS_ROOT}/Manifest.lock\" > /dev/null\nif [ $? != 0 ] ; then\n    # print error to STDERR\n    echo \"error: The sandbox is not in sync with the Podfile.lock. Run 'pod install' or update your CocoaPods installation.\" >&2\n    exit 1\nfi\n";
			showEnvVarsInLog = 0;
		};
		BE5094A6E3DD7A7C88202B57 /* [CP] Copy Pods Resources */ = {
			isa = PBXShellScriptBuildPhase;
			buildActionMask = 2147483647;
			files = (
			);
			inputPaths = (
			);
			name = "[CP] Copy Pods Resources";
			outputPaths = (
			);
			runOnlyForDeploymentPostprocessing = 0;
			shellPath = /bin/sh;
			shellScript = "\"${SRCROOT}/Pods/Target Support Files/Pods-TrolleyCore/Pods-TrolleyCore-resources.sh\"\n";
			showEnvVarsInLog = 0;
		};
		C8E17AC41F4D947100A5C468 /* ShellScript */ = {
			isa = PBXShellScriptBuildPhase;
			buildActionMask = 2147483647;
			files = (
			);
			inputPaths = (
			);
			outputPaths = (
			);
			runOnlyForDeploymentPostprocessing = 0;
			shellPath = /bin/sh;
			shellScript = "#swiftlint";
		};
		CB8B50FC2802971BDDB7D86A /* [CP] Embed Pods Frameworks */ = {
			isa = PBXShellScriptBuildPhase;
			buildActionMask = 2147483647;
			files = (
			);
			inputPaths = (
			);
			name = "[CP] Embed Pods Frameworks";
			outputPaths = (
			);
			runOnlyForDeploymentPostprocessing = 0;
			shellPath = /bin/sh;
			shellScript = "\"${SRCROOT}/Pods/Target Support Files/Pods-TrolleyCoreTests/Pods-TrolleyCoreTests-frameworks.sh\"\n";
			showEnvVarsInLog = 0;
		};
		DA4A5FE572286D9056CE209F /* [CP] Copy Pods Resources */ = {
			isa = PBXShellScriptBuildPhase;
			buildActionMask = 2147483647;
			files = (
			);
			inputPaths = (
			);
			name = "[CP] Copy Pods Resources";
			outputPaths = (
			);
			runOnlyForDeploymentPostprocessing = 0;
			shellPath = /bin/sh;
			shellScript = "\"${SRCROOT}/Pods/Target Support Files/Pods-TrolleyCoreTests/Pods-TrolleyCoreTests-resources.sh\"\n";
			showEnvVarsInLog = 0;
		};
		E0C8C5F86D4E9BC2C2C7CAF0 /* [CP] Check Pods Manifest.lock */ = {
			isa = PBXShellScriptBuildPhase;
			buildActionMask = 2147483647;
			files = (
			);
			inputPaths = (
			);
			name = "[CP] Check Pods Manifest.lock";
			outputPaths = (
			);
			runOnlyForDeploymentPostprocessing = 0;
			shellPath = /bin/sh;
			shellScript = "diff \"${PODS_ROOT}/../Podfile.lock\" \"${PODS_ROOT}/Manifest.lock\" > /dev/null\nif [ $? != 0 ] ; then\n    # print error to STDERR\n    echo \"error: The sandbox is not in sync with the Podfile.lock. Run 'pod install' or update your CocoaPods installation.\" >&2\n    exit 1\nfi\n";
			showEnvVarsInLog = 0;
		};
/* End PBXShellScriptBuildPhase section */

/* Begin PBXSourcesBuildPhase section */
		C8460FDB1F4C665800CFF7E8 /* Sources */ = {
			isa = PBXSourcesBuildPhase;
			buildActionMask = 2147483647;
			files = (
				C84AEE621F754FF5009E6019 /* Trolley.m in Sources */,
				C84AEE8D1F754FF5009E6019 /* TValidations.swift in Sources */,
				C84AEE7B1F754FF5009E6019 /* TRLMutableJSON.m in Sources */,
				C84AEE811F754FF5009E6019 /* TRLURLDataRequest.swift in Sources */,
				C84AEE861F754FF5009E6019 /* TRLURLResponse.swift in Sources */,
				C84AEE6E1F754FF5009E6019 /* JSON.swift in Sources */,
				C84AEEB51F754FF5009E6019 /* TRLNetworkManager.m in Sources */,
				C84AEE8E1F754FF5009E6019 /* WrittingOptionsKeysTouple.swift in Sources */,
				C84AEEA61F754FF5009E6019 /* TRLNetworkInfo.m in Sources */,
				C84AEE681F754FF5009E6019 /* TRLURLTaskDelegate.m in Sources */,
				C84AEE851F754FF5009E6019 /* TRLURLDataRequest+Response.swift in Sources */,
				C84AEEAD1F754FF5009E6019 /* TRLNetworkConnection.m in Sources */,
				C84AEE841F754FF5009E6019 /* TRLURLRequestTask.swift in Sources */,
				C84AEE9D1F754FF5009E6019 /* UserAgent.swift in Sources */,
				C84AEE981F754FF5009E6019 /* NSMutableURLRequest+Reqestable.m in Sources */,
				C84AEEA81F754FF5009E6019 /* TRLParsedURL.m in Sources */,
				C84AEE941F754FF5009E6019 /* NSArray+Map.m in Sources */,
				C84AEE911F754FF5009E6019 /* DispatchQueue+UUID.swift in Sources */,
				C86590021F56EA26004DA57D /* TRLOptions.swift in Sources */,
				C84AEE711F754FF5009E6019 /* TRLJSON.m in Sources */,
				C84AEEA11F754FF5009E6019 /* TRLDefaultsManager.swift in Sources */,
				C84AEEB01F754FF5009E6019 /* TRLWebSocketUtils.swift in Sources */,
				C84AEE6F1F754FF5009E6019 /* JSONCore.swift in Sources */,
				C84AEE661F754FF5009E6019 /* TRLURLSessionDelegate.swift in Sources */,
				C84AEEB81F754FF5009E6019 /* TRLRetryHelper.swift in Sources */,
				C84AEE8B1F754FF5009E6019 /* TProgressHandler.swift in Sources */,
				C84AEE791F754FF5009E6019 /* TRLMutableDictionary.m in Sources */,
				C84AEE831F754FF5009E6019 /* TRLURLRequest.m in Sources */,
				C84AEE9B1F754FF5009E6019 /* TNTUtils.m in Sources */,
				C84AEE801F754FF5009E6019 /* TRLURLDataRequest.m in Sources */,
				C84AEEA41F754FF5009E6019 /* Log.swift in Sources */,
				C84AEE8A1F754FF5009E6019 /* TChallenge.swift in Sources */,
				C84AEE731F754FF5009E6019 /* TRLJSONBase.m in Sources */,
				C84AEEB21F754FF5009E6019 /* TRLNetwork.m in Sources */,
				C84AEE631F754FF5009E6019 /* Log.m in Sources */,
				C84AEE901F754FF5009E6019 /* TRLURLSessionManager.m in Sources */,
				C84AEEBD1F754FF5009E6019 /* TRLTimer.swift in Sources */,
				C84AEE991F754FF5009E6019 /* NSNumber+Bool.swift in Sources */,
				C84AEE771F754FF5009E6019 /* TRLMutableArray.m in Sources */,
				C84AEE881F754FF5009E6019 /* TAuthorizationHeader.swift in Sources */,
				C8E17AC11F4D8A3100A5C468 /* Trolley.swift in Sources */,
				C84AEEB71F754FF5009E6019 /* TRLRequest.m in Sources */,
				C84AEE891F754FF5009E6019 /* TBackgroundCompletion.swift in Sources */,
				C84AEEAF1F754FF5009E6019 /* TRLWebSocketConnection.m in Sources */,
				C84AEE6D1F754FF5009E6019 /* JSON+Bridging.swift in Sources */,
				C84AEE951F754FF5009E6019 /* NSDictionary+JSON.swift in Sources */,
				C84AEE961F754FF5009E6019 /* NSLocale+HTTPHeader.swift in Sources */,
				C84AEE7E1F754FF5009E6019 /* Reachability.swift in Sources */,
				C84AEEA01F754FF5009E6019 /* TSRWebSocket.m in Sources */,
				C84AEE651F754FF5009E6019 /* TRLURLDataTaskDelegate.m in Sources */,
				C84AEE8C1F754FF5009E6019 /* TRLURLQueryParameters.swift in Sources */,
				C84AEE9E1F754FF5009E6019 /* TRLError.m in Sources */,
				C84AEE6B1F754FF5009E6019 /* TRLURLEncoding.m in Sources */,
				C84AEEA21F754FF5009E6019 /* Error.swift in Sources */,
				C84AEE7D1F754FF5009E6019 /* Reachability.m in Sources */,
			);
			runOnlyForDeploymentPostprocessing = 0;
		};
		C8460FE51F4C665800CFF7E8 /* Sources */ = {
			isa = PBXSourcesBuildPhase;
			buildActionMask = 2147483647;
			files = (
			);
			runOnlyForDeploymentPostprocessing = 0;
		};
/* End PBXSourcesBuildPhase section */

/* Begin PBXTargetDependency section */
		C8460FEC1F4C665800CFF7E8 /* PBXTargetDependency */ = {
			isa = PBXTargetDependency;
			target = C8460FDF1F4C665800CFF7E8 /* TrolleyCore */;
			targetProxy = C8460FEB1F4C665800CFF7E8 /* PBXContainerItemProxy */;
		};
/* End PBXTargetDependency section */

/* Begin XCBuildConfiguration section */
		C8460FF21F4C665800CFF7E8 /* Debug */ = {
			isa = XCBuildConfiguration;
			buildSettings = {
				ALWAYS_SEARCH_USER_PATHS = NO;
				CLANG_ANALYZER_NONNULL = YES;
				CLANG_ANALYZER_NUMBER_OBJECT_CONVERSION = YES_AGGRESSIVE;
				CLANG_CXX_LANGUAGE_STANDARD = "gnu++0x";
				CLANG_CXX_LIBRARY = "libc++";
				CLANG_ENABLE_MODULES = YES;
				CLANG_ENABLE_OBJC_ARC = YES;
				CLANG_WARN_BLOCK_CAPTURE_AUTORELEASING = YES;
				CLANG_WARN_BOOL_CONVERSION = YES;
				CLANG_WARN_COMMA = YES;
				CLANG_WARN_CONSTANT_CONVERSION = YES;
				CLANG_WARN_DIRECT_OBJC_ISA_USAGE = YES_ERROR;
				CLANG_WARN_DOCUMENTATION_COMMENTS = YES;
				CLANG_WARN_EMPTY_BODY = YES;
				CLANG_WARN_ENUM_CONVERSION = YES;
				CLANG_WARN_INFINITE_RECURSION = YES;
				CLANG_WARN_INT_CONVERSION = YES;
				CLANG_WARN_NON_LITERAL_NULL_CONVERSION = YES;
				CLANG_WARN_OBJC_LITERAL_CONVERSION = YES;
				CLANG_WARN_OBJC_ROOT_CLASS = YES_ERROR;
				CLANG_WARN_RANGE_LOOP_ANALYSIS = YES;
				CLANG_WARN_STRICT_PROTOTYPES = YES;
				CLANG_WARN_SUSPICIOUS_MOVE = YES;
				CLANG_WARN_UNREACHABLE_CODE = YES;
				CLANG_WARN__DUPLICATE_METHOD_MATCH = YES;
				"CODE_SIGN_IDENTITY[sdk=iphoneos*]" = "iPhone Developer";
				COPY_PHASE_STRIP = NO;
				CURRENT_PROJECT_VERSION = 1;
				DEBUG_INFORMATION_FORMAT = dwarf;
				ENABLE_STRICT_OBJC_MSGSEND = YES;
				ENABLE_TESTABILITY = YES;
				FRAMEWORK_SEARCH_PATHS = "$(inherited)";
				GCC_C_LANGUAGE_STANDARD = gnu99;
				GCC_DYNAMIC_NO_PIC = NO;
				GCC_NO_COMMON_BLOCKS = YES;
				GCC_OPTIMIZATION_LEVEL = 0;
				GCC_PREPROCESSOR_DEFINITIONS = (
					"DEBUG=1",
					"$(inherited)",
				);
				GCC_WARN_64_TO_32_BIT_CONVERSION = YES;
				GCC_WARN_ABOUT_RETURN_TYPE = YES_ERROR;
				GCC_WARN_UNDECLARED_SELECTOR = YES;
				GCC_WARN_UNINITIALIZED_AUTOS = YES_AGGRESSIVE;
				GCC_WARN_UNUSED_FUNCTION = YES;
				GCC_WARN_UNUSED_VARIABLE = YES;
				IPHONEOS_DEPLOYMENT_TARGET = 10.3;
				MTL_ENABLE_DEBUG_INFO = YES;
				ONLY_ACTIVE_ARCH = YES;
				SDKROOT = iphoneos;
				TARGETED_DEVICE_FAMILY = "1,2";
				VERSIONING_SYSTEM = "apple-generic";
				VERSION_INFO_PREFIX = "";
			};
			name = Debug;
		};
		C8460FF31F4C665800CFF7E8 /* Release */ = {
			isa = XCBuildConfiguration;
			buildSettings = {
				ALWAYS_SEARCH_USER_PATHS = NO;
				CLANG_ANALYZER_NONNULL = YES;
				CLANG_ANALYZER_NUMBER_OBJECT_CONVERSION = YES_AGGRESSIVE;
				CLANG_CXX_LANGUAGE_STANDARD = "gnu++0x";
				CLANG_CXX_LIBRARY = "libc++";
				CLANG_ENABLE_MODULES = YES;
				CLANG_ENABLE_OBJC_ARC = YES;
				CLANG_WARN_BLOCK_CAPTURE_AUTORELEASING = YES;
				CLANG_WARN_BOOL_CONVERSION = YES;
				CLANG_WARN_COMMA = YES;
				CLANG_WARN_CONSTANT_CONVERSION = YES;
				CLANG_WARN_DIRECT_OBJC_ISA_USAGE = YES_ERROR;
				CLANG_WARN_DOCUMENTATION_COMMENTS = YES;
				CLANG_WARN_EMPTY_BODY = YES;
				CLANG_WARN_ENUM_CONVERSION = YES;
				CLANG_WARN_INFINITE_RECURSION = YES;
				CLANG_WARN_INT_CONVERSION = YES;
				CLANG_WARN_NON_LITERAL_NULL_CONVERSION = YES;
				CLANG_WARN_OBJC_LITERAL_CONVERSION = YES;
				CLANG_WARN_OBJC_ROOT_CLASS = YES_ERROR;
				CLANG_WARN_RANGE_LOOP_ANALYSIS = YES;
				CLANG_WARN_STRICT_PROTOTYPES = YES;
				CLANG_WARN_SUSPICIOUS_MOVE = YES;
				CLANG_WARN_UNREACHABLE_CODE = YES;
				CLANG_WARN__DUPLICATE_METHOD_MATCH = YES;
				"CODE_SIGN_IDENTITY[sdk=iphoneos*]" = "iPhone Developer";
				COPY_PHASE_STRIP = NO;
				CURRENT_PROJECT_VERSION = 1;
				DEBUG_INFORMATION_FORMAT = "dwarf-with-dsym";
				ENABLE_NS_ASSERTIONS = NO;
				ENABLE_STRICT_OBJC_MSGSEND = YES;
				FRAMEWORK_SEARCH_PATHS = "$(inherited)";
				GCC_C_LANGUAGE_STANDARD = gnu99;
				GCC_NO_COMMON_BLOCKS = YES;
				GCC_WARN_64_TO_32_BIT_CONVERSION = YES;
				GCC_WARN_ABOUT_RETURN_TYPE = YES_ERROR;
				GCC_WARN_UNDECLARED_SELECTOR = YES;
				GCC_WARN_UNINITIALIZED_AUTOS = YES_AGGRESSIVE;
				GCC_WARN_UNUSED_FUNCTION = YES;
				GCC_WARN_UNUSED_VARIABLE = YES;
				IPHONEOS_DEPLOYMENT_TARGET = 10.3;
				MTL_ENABLE_DEBUG_INFO = NO;
				SDKROOT = iphoneos;
				SWIFT_OPTIMIZATION_LEVEL = "-Owholemodule";
				TARGETED_DEVICE_FAMILY = "1,2";
				VALIDATE_PRODUCT = YES;
				VERSIONING_SYSTEM = "apple-generic";
				VERSION_INFO_PREFIX = "";
			};
			name = Release;
		};
		C8460FF51F4C665800CFF7E8 /* Debug */ = {
			isa = XCBuildConfiguration;
			baseConfigurationReference = 1C14ED7D3D68654574633F55 /* Pods-TrolleyCore.debug.xcconfig */;
			buildSettings = {
				ALWAYS_EMBED_SWIFT_STANDARD_LIBRARIES = "$(inherited)";
				CLANG_ENABLE_MODULES = YES;
				CODE_SIGN_IDENTITY = "";
				DEFINES_MODULE = YES;
				DEVELOPMENT_TEAM = FVT8X28ANV;
				DYLIB_COMPATIBILITY_VERSION = 1;
				DYLIB_CURRENT_VERSION = 1;
				DYLIB_INSTALL_NAME_BASE = "@rpath";
				FRAMEWORK_SEARCH_PATHS = "$(inherited)";
				INFOPLIST_FILE = TrolleyCore/Info.plist;
				INSTALL_PATH = "$(LOCAL_LIBRARY_DIR)/Frameworks";
				LD_RUNPATH_SEARCH_PATHS = "$(inherited) @executable_path/Frameworks @loader_path/Frameworks";
				MODULEMAP_FILE = TrolleyCore/TrolleyCore.modulemap;
				PRODUCT_BUNDLE_IDENTIFIER = io.offpiste.TrolleyCore;
				PRODUCT_NAME = "$(TARGET_NAME)";
				SKIP_INSTALL = YES;
				SWIFT_OPTIMIZATION_LEVEL = "-Onone";
				SWIFT_VERSION = 3.0;
			};
			name = Debug;
		};
		C8460FF61F4C665800CFF7E8 /* Release */ = {
			isa = XCBuildConfiguration;
			baseConfigurationReference = 06686AB229520C0E2F5F57DE /* Pods-TrolleyCore.release.xcconfig */;
			buildSettings = {
				ALWAYS_EMBED_SWIFT_STANDARD_LIBRARIES = "$(inherited)";
				CLANG_ENABLE_MODULES = YES;
				CODE_SIGN_IDENTITY = "";
				DEFINES_MODULE = YES;
				DEVELOPMENT_TEAM = FVT8X28ANV;
				DYLIB_COMPATIBILITY_VERSION = 1;
				DYLIB_CURRENT_VERSION = 1;
				DYLIB_INSTALL_NAME_BASE = "@rpath";
				FRAMEWORK_SEARCH_PATHS = "$(inherited)";
				INFOPLIST_FILE = TrolleyCore/Info.plist;
				INSTALL_PATH = "$(LOCAL_LIBRARY_DIR)/Frameworks";
				LD_RUNPATH_SEARCH_PATHS = "$(inherited) @executable_path/Frameworks @loader_path/Frameworks";
				MODULEMAP_FILE = TrolleyCore/TrolleyCore.modulemap;
				PRODUCT_BUNDLE_IDENTIFIER = io.offpiste.TrolleyCore;
				PRODUCT_NAME = "$(TARGET_NAME)";
				SKIP_INSTALL = YES;
				SWIFT_VERSION = 3.0;
			};
			name = Release;
		};
		C8460FF81F4C665800CFF7E8 /* Debug */ = {
			isa = XCBuildConfiguration;
			baseConfigurationReference = 7FC9EB8234952018AF58BF8D /* Pods-TrolleyCoreTests.debug.xcconfig */;
			buildSettings = {
				ALWAYS_EMBED_SWIFT_STANDARD_LIBRARIES = "$(inherited)";
				CLANG_ENABLE_MODULES = YES;
				DEVELOPMENT_TEAM = FVT8X28ANV;
				INFOPLIST_FILE = TrolleyCoreTests/Info.plist;
				LD_RUNPATH_SEARCH_PATHS = "$(inherited) @executable_path/Frameworks @loader_path/Frameworks";
				PRODUCT_BUNDLE_IDENTIFIER = io.offpiste.TrolleyCoreTests;
				PRODUCT_NAME = "$(TARGET_NAME)";
				SWIFT_OBJC_BRIDGING_HEADER = "TrolleyCoreTests/TrolleyCoreTests-Bridging-Header.h";
				SWIFT_OPTIMIZATION_LEVEL = "-Onone";
				SWIFT_VERSION = 3.0;
			};
			name = Debug;
		};
		C8460FF91F4C665800CFF7E8 /* Release */ = {
			isa = XCBuildConfiguration;
			baseConfigurationReference = 5A533A8BF218B947C82D4EB8 /* Pods-TrolleyCoreTests.release.xcconfig */;
			buildSettings = {
				ALWAYS_EMBED_SWIFT_STANDARD_LIBRARIES = "$(inherited)";
				CLANG_ENABLE_MODULES = YES;
				DEVELOPMENT_TEAM = FVT8X28ANV;
				INFOPLIST_FILE = TrolleyCoreTests/Info.plist;
				LD_RUNPATH_SEARCH_PATHS = "$(inherited) @executable_path/Frameworks @loader_path/Frameworks";
				PRODUCT_BUNDLE_IDENTIFIER = io.offpiste.TrolleyCoreTests;
				PRODUCT_NAME = "$(TARGET_NAME)";
				SWIFT_OBJC_BRIDGING_HEADER = "TrolleyCoreTests/TrolleyCoreTests-Bridging-Header.h";
				SWIFT_VERSION = 3.0;
			};
			name = Release;
		};
/* End XCBuildConfiguration section */

/* Begin XCConfigurationList section */
		C8460FDA1F4C665800CFF7E8 /* Build configuration list for PBXProject "TrolleyCore" */ = {
			isa = XCConfigurationList;
			buildConfigurations = (
				C8460FF21F4C665800CFF7E8 /* Debug */,
				C8460FF31F4C665800CFF7E8 /* Release */,
			);
			defaultConfigurationIsVisible = 0;
			defaultConfigurationName = Release;
		};
		C8460FF41F4C665800CFF7E8 /* Build configuration list for PBXNativeTarget "TrolleyCore" */ = {
			isa = XCConfigurationList;
			buildConfigurations = (
				C8460FF51F4C665800CFF7E8 /* Debug */,
				C8460FF61F4C665800CFF7E8 /* Release */,
			);
			defaultConfigurationIsVisible = 0;
			defaultConfigurationName = Release;
		};
		C8460FF71F4C665800CFF7E8 /* Build configuration list for PBXNativeTarget "TrolleyCoreTests" */ = {
			isa = XCConfigurationList;
			buildConfigurations = (
				C8460FF81F4C665800CFF7E8 /* Debug */,
				C8460FF91F4C665800CFF7E8 /* Release */,
			);
			defaultConfigurationIsVisible = 0;
			defaultConfigurationName = Release;
		};
/* End XCConfigurationList section */
	};
	rootObject = C8460FD71F4C665800CFF7E8 /* Project object */;
}
